
Microsoft Visual Studio Solution File, Format Version 12.00
# Visual Studio Version 16
VisualStudioVersion = 16.0.31005.135
MinimumVisualStudioVersion = 10.0.40219.1
Project("{FAE04EC0-301F-11D3-BF4B-00C04F79EFBC}") = "GreeneryBOT", "GreeneryBOT.csproj", "{9C8A3026-4F00-4E81-954A-F713883CCAD1}"
EndProject
Global
	GlobalSection(SolutionConfigurationPlatforms) = preSolution
		Debug|Any CPU = Debug|Any CPU
		Release|Any CPU = Release|Any CPU
	EndGlobalSection
	GlobalSection(ProjectConfigurationPlatforms) = postSolution
		{9C8A3026-4F00-4E81-954A-F713883CCAD1}.Debug|Any CPU.ActiveCfg = Debug|Any CPU
		{9C8A3026-4F00-4E81-954A-F713883CCAD1}.Debug|Any CPU.Build.0 = Debug|Any CPU
		{9C8A3026-4F00-4E81-954A-F713883CCAD1}.Release|Any CPU.ActiveCfg = Release|Any CPU
		{9C8A3026-4F00-4E81-954A-F713883CCAD1}.Release|Any CPU.Build.0 = Release|Any CPU
	EndGlobalSection
	GlobalSection(SolutionProperties) = preSolution
		HideSolutionNode = FALSE
	EndGlobalSection
	GlobalSection(ExtensibilityGlobals) = postSolution
		SolutionGuid = {8E6F57A0-2982-48B9-A820-210B3FA24A82}
	EndGlobalSection
EndGlobal
